
Microsoft Visual Studio Solution File, Format Version 12.00
# Visual Studio Version 16
VisualStudioVersion = 16.0.29411.108
MinimumVisualStudioVersion = 10.0.40219.1
Project("{FAE04EC0-301F-11D3-BF4B-00C04F79EFBC}") = "Dominio", "Dominio\Dominio.csproj", "{CA09B66D-74DA-43AB-BC91-6724E30FBB9E}"
EndProject
Project("{FAE04EC0-301F-11D3-BF4B-00C04F79EFBC}") = "TesteRemoto", "TesteRemoto\TesteRemoto.csproj", "{13604018-8FC8-4830-8E4F-833365ACC420}"
EndProject
Global
	GlobalSection(SolutionConfigurationPlatforms) = preSolution
		Debug|Any CPU = Debug|Any CPU
		Release|Any CPU = Release|Any CPU
	EndGlobalSection
	GlobalSection(ProjectConfigurationPlatforms) = postSolution
		{CA09B66D-74DA-43AB-BC91-6724E30FBB9E}.Debug|Any CPU.ActiveCfg = Debug|Any CPU
		{CA09B66D-74DA-43AB-BC91-6724E30FBB9E}.Debug|Any CPU.Build.0 = Debug|Any CPU
		{CA09B66D-74DA-43AB-BC91-6724E30FBB9E}.Release|Any CPU.ActiveCfg = Release|Any CPU
		{CA09B66D-74DA-43AB-BC91-6724E30FBB9E}.Release|Any CPU.Build.0 = Release|Any CPU
		{13604018-8FC8-4830-8E4F-833365ACC420}.Debug|Any CPU.ActiveCfg = Debug|Any CPU
		{13604018-8FC8-4830-8E4F-833365ACC420}.Debug|Any CPU.Build.0 = Debug|Any CPU
		{13604018-8FC8-4830-8E4F-833365ACC420}.Release|Any CPU.ActiveCfg = Release|Any CPU
		{13604018-8FC8-4830-8E4F-833365ACC420}.Release|Any CPU.Build.0 = Release|Any CPU
	EndGlobalSection
	GlobalSection(SolutionProperties) = preSolution
		HideSolutionNode = FALSE
	EndGlobalSection
	GlobalSection(ExtensibilityGlobals) = postSolution
		SolutionGuid = {72771514-D6B8-480B-A3DC-74FF4CF487F4}
	EndGlobalSection
EndGlobal
